Microsoft Visual Studio Solution File, Format Version 12.00
# Visual Studio Version 17
VisualStudioVersion = 17.5.2.0
MinimumVisualStudioVersion = 10.0.40219.1
Project("{2150E333-8FDC-42A3-9474-1A3956D46DE8}") = "01", "01", "{DF173627-ACA5-12FD-23F9-235B83D7F89A}"
EndProject
Project("{2150E333-8FDC-42A3-9474-1A3956D46DE8}") = "02", "02", "{90C0C08D-8EBE-550D-E0B5-AEEA9C22D46E}"
EndProject
Project("{2150E333-8FDC-42A3-9474-1A3956D46DE8}") = "03", "03", "{296032B5-9ABF-E3B8-7628-92A72283A574}"
EndProject
Project("{2150E333-8FDC-42A3-9474-1A3956D46DE8}") = "04", "04", "{323CD3D6-9173-0722-1A84-D17C70DFCCFA}"
EndProject
Project("{2150E333-8FDC-42A3-9474-1A3956D46DE8}") = "05", "05", "{8D732E59-9706-F40E-D1C7-3FD034A8AA7D}"
EndProject
Project("{2150E333-8FDC-42A3-9474-1A3956D46DE8}") = "06", "06", "{E89A2F7A-0448-E749-C7CF-65632820F9C1}"
EndProject
Project("{2150E333-8FDC-42A3-9474-1A3956D46DE8}") = "07", "07", "{2C9E502E-D04B-3D3D-DCF5-AD1D46DACA15}"
EndProject
Project("{2150E333-8FDC-42A3-9474-1A3956D46DE8}") = "08", "08", "{D15183F9-8454-3CEF-DAF8-582F5215D342}"
EndProject
Project("{2150E333-8FDC-42A3-9474-1A3956D46DE8}") = "09", "09", "{362B53DA-4DF9-E3E9-0B35-1FDA6110D520}"
EndProject
Project("{2150E333-8FDC-42A3-9474-1A3956D46DE8}") = "10", "10", "{43248F13-1DCA-5F22-26C1-D82CF8A76A70}"
EndProject
Project("{FAE04EC0-301F-11D3-BF4B-00C04F79EFBC}") = ".cphcsrun", "01\.cphcsrun\.cphcsrun.csproj", "{4F2B38EA-330E-0245-2637-CBFFAAD0FA76}"
EndProject
Project("{FAE04EC0-301F-11D3-BF4B-00C04F79EFBC}") = ".cphcsrun", "02\.cphcsrun\.cphcsrun.csproj", "{515B272C-4F68-6BC9-3D6F-8666843AA33A}"
EndProject
Project("{FAE04EC0-301F-11D3-BF4B-00C04F79EFBC}") = ".cphcsrun", "03\.cphcsrun\.cphcsrun.csproj", "{8265AB7D-D0D5-3AF3-0477-1ECF34161824}"
EndProject
Project("{FAE04EC0-301F-11D3-BF4B-00C04F79EFBC}") = ".cphcsrun", "04\.cphcsrun\.cphcsrun.csproj", "{B1B4B414-B002-FC57-D3BF-AAAEB7DD1D83}"
EndProject
Project("{FAE04EC0-301F-11D3-BF4B-00C04F79EFBC}") = ".cphcsrun", "05\.cphcsrun\.cphcsrun.csproj", "{622B3847-8C6B-D70D-89F4-567852F2CD62}"
EndProject
Project("{FAE04EC0-301F-11D3-BF4B-00C04F79EFBC}") = ".cphcsrun", "06\.cphcsrun\.cphcsrun.csproj", "{E3CD773B-9B49-662C-6C36-28AA7AEC62C6}"
EndProject
Project("{FAE04EC0-301F-11D3-BF4B-00C04F79EFBC}") = ".cphcsrun", "07\.cphcsrun\.cphcsrun.csproj", "{EF6B86C7-DB78-65AB-3834-FC58EBA6ABBB}"
EndProject
Project("{FAE04EC0-301F-11D3-BF4B-00C04F79EFBC}") = ".cphcsrun", "08\.cphcsrun\.cphcsrun.csproj", "{32D83A66-782B-7A70-1073-4796B581F4D8}"
EndProject
Project("{FAE04EC0-301F-11D3-BF4B-00C04F79EFBC}") = ".cphcsrun", "09\.cphcsrun\.cphcsrun.csproj", "{2BA5713E-01D9-5E11-F0E8-6633771B51D6}"
EndProject
Project("{FAE04EC0-301F-11D3-BF4B-00C04F79EFBC}") = ".cphcsrun", "10\.cphcsrun\.cphcsrun.csproj", "{838526B3-4C79-77F6-771E-341CF5B96944}"
EndProject
Global
	GlobalSection(SolutionConfigurationPlatforms) = preSolution
		Debug|Any CPU = Debug|Any CPU
		Release|Any CPU = Release|Any CPU
	EndGlobalSection
	GlobalSection(ProjectConfigurationPlatforms) = postSolution
		{4F2B38EA-330E-0245-2637-CBFFAAD0FA76}.Debug|Any CPU.ActiveCfg = Debug|Any CPU
		{4F2B38EA-330E-0245-2637-CBFFAAD0FA76}.Debug|Any CPU.Build.0 = Debug|Any CPU
		{4F2B38EA-330E-0245-2637-CBFFAAD0FA76}.Release|Any CPU.ActiveCfg = Release|Any CPU
		{4F2B38EA-330E-0245-2637-CBFFAAD0FA76}.Release|Any CPU.Build.0 = Release|Any CPU
		{515B272C-4F68-6BC9-3D6F-8666843AA33A}.Debug|Any CPU.ActiveCfg = Debug|Any CPU
		{515B272C-4F68-6BC9-3D6F-8666843AA33A}.Debug|Any CPU.Build.0 = Debug|Any CPU
		{515B272C-4F68-6BC9-3D6F-8666843AA33A}.Release|Any CPU.ActiveCfg = Release|Any CPU
		{515B272C-4F68-6BC9-3D6F-8666843AA33A}.Release|Any CPU.Build.0 = Release|Any CPU
		{8265AB7D-D0D5-3AF3-0477-1ECF34161824}.Debug|Any CPU.ActiveCfg = Debug|Any CPU
		{8265AB7D-D0D5-3AF3-0477-1ECF34161824}.Debug|Any CPU.Build.0 = Debug|Any CPU
		{8265AB7D-D0D5-3AF3-0477-1ECF34161824}.Release|Any CPU.ActiveCfg = Release|Any CPU
		{8265AB7D-D0D5-3AF3-0477-1ECF34161824}.Release|Any CPU.Build.0 = Release|Any CPU
		{B1B4B414-B002-FC57-D3BF-AAAEB7DD1D83}.Debug|Any CPU.ActiveCfg = Debug|Any CPU
		{B1B4B414-B002-FC57-D3BF-AAAEB7DD1D83}.Debug|Any CPU.Build.0 = Debug|Any CPU
		{B1B4B414-B002-FC57-D3BF-AAAEB7DD1D83}.Release|Any CPU.ActiveCfg = Release|Any CPU
		{B1B4B414-B002-FC57-D3BF-AAAEB7DD1D83}.Release|Any CPU.Build.0 = Release|Any CPU
		{622B3847-8C6B-D70D-89F4-567852F2CD62}.Debug|Any CPU.ActiveCfg = Debug|Any CPU
		{622B3847-8C6B-D70D-89F4-567852F2CD62}.Debug|Any CPU.Build.0 = Debug|Any CPU
		{622B3847-8C6B-D70D-89F4-567852F2CD62}.Release|Any CPU.ActiveCfg = Release|Any CPU
		{622B3847-8C6B-D70D-89F4-567852F2CD62}.Release|Any CPU.Build.0 = Release|Any CPU
		{E3CD773B-9B49-662C-6C36-28AA7AEC62C6}.Debug|Any CPU.ActiveCfg = Debug|Any CPU
		{E3CD773B-9B49-662C-6C36-28AA7AEC62C6}.Debug|Any CPU.Build.0 = Debug|Any CPU
		{E3CD773B-9B49-662C-6C36-28AA7AEC62C6}.Release|Any CPU.ActiveCfg = Release|Any CPU
		{E3CD773B-9B49-662C-6C36-28AA7AEC62C6}.Release|Any CPU.Build.0 = Release|Any CPU
		{EF6B86C7-DB78-65AB-3834-FC58EBA6ABBB}.Debug|Any CPU.ActiveCfg = Debug|Any CPU
		{EF6B86C7-DB78-65AB-3834-FC58EBA6ABBB}.Debug|Any CPU.Build.0 = Debug|Any CPU
		{EF6B86C7-DB78-65AB-3834-FC58EBA6ABBB}.Release|Any CPU.ActiveCfg = Release|Any CPU
		{EF6B86C7-DB78-65AB-3834-FC58EBA6ABBB}.Release|Any CPU.Build.0 = Release|Any CPU
		{32D83A66-782B-7A70-1073-4796B581F4D8}.Debug|Any CPU.ActiveCfg = Debug|Any CPU
		{32D83A66-782B-7A70-1073-4796B581F4D8}.Debug|Any CPU.Build.0 = Debug|Any CPU
		{32D83A66-782B-7A70-1073-4796B581F4D8}.Release|Any CPU.ActiveCfg = Release|Any CPU
		{32D83A66-782B-7A70-1073-4796B581F4D8}.Release|Any CPU.Build.0 = Release|Any CPU
		{2BA5713E-01D9-5E11-F0E8-6633771B51D6}.Debug|Any CPU.ActiveCfg = Debug|Any CPU
		{2BA5713E-01D9-5E11-F0E8-6633771B51D6}.Debug|Any CPU.Build.0 = Debug|Any CPU
		{2BA5713E-01D9-5E11-F0E8-6633771B51D6}.Release|Any CPU.ActiveCfg = Release|Any CPU
		{2BA5713E-01D9-5E11-F0E8-6633771B51D6}.Release|Any CPU.Build.0 = Release|Any CPU
		{838526B3-4C79-77F6-771E-341CF5B96944}.Debug|Any CPU.ActiveCfg = Debug|Any CPU
		{838526B3-4C79-77F6-771E-341CF5B96944}.Debug|Any CPU.Build.0 = Debug|Any CPU
		{838526B3-4C79-77F6-771E-341CF5B96944}.Release|Any CPU.ActiveCfg = Release|Any CPU
		{838526B3-4C79-77F6-771E-341CF5B96944}.Release|Any CPU.Build.0 = Release|Any CPU
	EndGlobalSection
	GlobalSection(SolutionProperties) = preSolution
		HideSolutionNode = FALSE
	EndGlobalSection
	GlobalSection(NestedProjects) = preSolution
		{4F2B38EA-330E-0245-2637-CBFFAAD0FA76} = {DF173627-ACA5-12FD-23F9-235B83D7F89A}
		{515B272C-4F68-6BC9-3D6F-8666843AA33A} = {90C0C08D-8EBE-550D-E0B5-AEEA9C22D46E}
		{8265AB7D-D0D5-3AF3-0477-1ECF34161824} = {296032B5-9ABF-E3B8-7628-92A72283A574}
		{B1B4B414-B002-FC57-D3BF-AAAEB7DD1D83} = {323CD3D6-9173-0722-1A84-D17C70DFCCFA}
		{622B3847-8C6B-D70D-89F4-567852F2CD62} = {8D732E59-9706-F40E-D1C7-3FD034A8AA7D}
		{E3CD773B-9B49-662C-6C36-28AA7AEC62C6} = {E89A2F7A-0448-E749-C7CF-65632820F9C1}
		{EF6B86C7-DB78-65AB-3834-FC58EBA6ABBB} = {2C9E502E-D04B-3D3D-DCF5-AD1D46DACA15}
		{32D83A66-782B-7A70-1073-4796B581F4D8} = {D15183F9-8454-3CEF-DAF8-582F5215D342}
		{2BA5713E-01D9-5E11-F0E8-6633771B51D6} = {362B53DA-4DF9-E3E9-0B35-1FDA6110D520}
		{838526B3-4C79-77F6-771E-341CF5B96944} = {43248F13-1DCA-5F22-26C1-D82CF8A76A70}
	EndGlobalSection
	GlobalSection(ExtensibilityGlobals) = postSolution
		SolutionGuid = {BD1F2BAD-351F-40BE-9F03-BF36B0A1873D}
	EndGlobalSection
EndGlobal
